# This file is automatically @generated by Cargo.
# It is not intended for manual editing.
version = 4

[[package]]
name = "lumio-codec"
version = "0.0.0"
dependencies = [
 "lumio-contract-types",
 "lumio-kernel",
]

[[package]]
name = "lumio-contract-types"
version = "0.0.0"

[[package]]
name = "lumio-diagnostics"
version = "0.0.0"
dependencies = [
 "lumio-contract-types",
 "lumio-kernel",
 "lumio-platform",
]

[[package]]
name = "lumio-job"
version = "0.0.0"
dependencies = [
 "lumio-contract-types",
 "lumio-kernel",
 "lumio-platform",
 "lumio-test-support",
]

[[package]]
name = "lumio-kernel"
version = "0.0.0"
dependencies = [
 "lumio-contract-types",
 "lumio-platform",
 "lumio-test-support",
]

[[package]]
name = "lumio-platform"
version = "0.0.0"

[[package]]
name = "lumio-spatial"
version = "0.0.0"
dependencies = [
 "lumio-contract-types",
 "lumio-kernel",
]

[[package]]
name = "lumio-test-support"
version = "0.0.0"
dependencies = [
 "lumio-contract-types",
 "lumio-job",
 "lumio-kernel",
 "lumio-platform",
]

[[package]]
name = "lumio-timer"
version = "0.0.0"
dependencies = [
 "lumio-test-support",
]

[[package]]
name = "xtask"
version = "0.0.0"
